Microsoft Visual Studio Solution File, Format Version 12.00
# Visual Studio Version 17
VisualStudioVersion = 17.5.2.0
MinimumVisualStudioVersion = 10.0.40219.1
Project("{FAE04EC0-301F-11D3-BF4B-00C04F79EFBC}") = "Voia.Api", "Voia.Api.csproj", "{BEE83211-9E7B-5346-E19C-9839F742EA4D}"
EndProject
Global
	GlobalSection(SolutionConfigurationPlatforms) = preSolution
		Debug|Any CPU = Debug|Any CPU
		Release|Any CPU = Release|Any CPU
	EndGlobalSection
	GlobalSection(ProjectConfigurationPlatforms) = postSolution
		{BEE83211-9E7B-5346-E19C-9839F742EA4D}.Debug|Any CPU.ActiveCfg = Debug|Any CPU
		{BEE83211-9E7B-5346-E19C-9839F742EA4D}.Debug|Any CPU.Build.0 = Debug|Any CPU
		{BEE83211-9E7B-5346-E19C-9839F742EA4D}.Release|Any CPU.ActiveCfg = Release|Any CPU
		{BEE83211-9E7B-5346-E19C-9839F742EA4D}.Release|Any CPU.Build.0 = Release|Any CPU
	EndGlobalSection
	GlobalSection(SolutionProperties) = preSolution
		HideSolutionNode = FALSE
	EndGlobalSection
	GlobalSection(ExtensibilityGlobals) = postSolution
		SolutionGuid = {89478C75-6BB4-4973-9E13-9E52BF1A8B27}
	EndGlobalSection
EndGlobal
